
Microsoft Visual Studio Solution File, Format Version 12.00
# Visual Studio Version 17
VisualStudioVersion = 17.10.35004.147
MinimumVisualStudioVersion = 10.0.40219.1
Project("{9A19103F-16F7-4668-BE54-9A1E7A4F7556}") = "UserManagementAPI.Domain", "UserManagementAPI.Domain\UserManagementAPI.Domain.csproj", "{4A214966-E315-473F-BAE8-C33A60EC121C}"
EndProject
Project("{9A19103F-16F7-4668-BE54-9A1E7A4F7556}") = "UserManagementAPI.Application", "UserManagementAPI.Application\UserManagementAPI.Application.csproj", "{926C61A9-B683-457F-9A94-4026DF202275}"
EndProject
Project("{9A19103F-16F7-4668-BE54-9A1E7A4F7556}") = "UserManagementAPI", "UserManagementAPI\UserManagementAPI.csproj", "{3CFB5C7F-3350-434C-8344-E5502E0486C0}"
EndProject
Project("{FAE04EC0-301F-11D3-BF4B-00C04F79EFBC}") = "UserManagementAPI.Infrastructure", "UserManagementAPI.Infrastructure\UserManagementAPI.Infrastructure.csproj", "{0C69D1BC-8673-42E0-89B4-63658E7BB784}"
EndProject
Global
	GlobalSection(SolutionConfigurationPlatforms) = preSolution
		Debug|Any CPU = Debug|Any CPU
		Release|Any CPU = Release|Any CPU
	EndGlobalSection
	GlobalSection(ProjectConfigurationPlatforms) = postSolution
		{4A214966-E315-473F-BAE8-C33A60EC121C}.Debug|Any CPU.ActiveCfg = Debug|Any CPU
		{4A214966-E315-473F-BAE8-C33A60EC121C}.Debug|Any CPU.Build.0 = Debug|Any CPU
		{4A214966-E315-473F-BAE8-C33A60EC121C}.Release|Any CPU.ActiveCfg = Release|Any CPU
		{4A214966-E315-473F-BAE8-C33A60EC121C}.Release|Any CPU.Build.0 = Release|Any CPU
		{926C61A9-B683-457F-9A94-4026DF202275}.Debug|Any CPU.ActiveCfg = Debug|Any CPU
		{926C61A9-B683-457F-9A94-4026DF202275}.Debug|Any CPU.Build.0 = Debug|Any CPU
		{926C61A9-B683-457F-9A94-4026DF202275}.Release|Any CPU.ActiveCfg = Release|Any CPU
		{926C61A9-B683-457F-9A94-4026DF202275}.Release|Any CPU.Build.0 = Release|Any CPU
		{3CFB5C7F-3350-434C-8344-E5502E0486C0}.Debug|Any CPU.ActiveCfg = Debug|Any CPU
		{3CFB5C7F-3350-434C-8344-E5502E0486C0}.Debug|Any CPU.Build.0 = Debug|Any CPU
		{3CFB5C7F-3350-434C-8344-E5502E0486C0}.Release|Any CPU.ActiveCfg = Release|Any CPU
		{3CFB5C7F-3350-434C-8344-E5502E0486C0}.Release|Any CPU.Build.0 = Release|Any CPU
		{0C69D1BC-8673-42E0-89B4-63658E7BB784}.Debug|Any CPU.ActiveCfg = Debug|Any CPU
		{0C69D1BC-8673-42E0-89B4-63658E7BB784}.Debug|Any CPU.Build.0 = Debug|Any CPU
		{0C69D1BC-8673-42E0-89B4-63658E7BB784}.Release|Any CPU.ActiveCfg = Release|Any CPU
		{0C69D1BC-8673-42E0-89B4-63658E7BB784}.Release|Any CPU.Build.0 = Release|Any CPU
	EndGlobalSection
	GlobalSection(SolutionProperties) = preSolution
		HideSolutionNode = FALSE
	EndGlobalSection
	GlobalSection(ExtensibilityGlobals) = postSolution
		SolutionGuid = {446035DC-AE14-47E9-ADB9-629141F7AEB7}
	EndGlobalSection
EndGlobal
